<?xml version="1.0" encoding="utf-8"?>
<Project ToolsVersion="4.0" xmlns="http://schemas.microsoft.com/developer/msbuild/2003">
  <ItemGroup>
    <ClCompile Include="Main.cpp" />
    <ClCompile Include="MainGame.cpp" />
    <ClCompile Include="stdafx.cpp" />
    <ClCompile Include="Materials\ColorMaterial.cpp" />
    <ClCompile Include="Prefabs\SpherePrefab.cpp" />
    <ClCompile Include="Prefabs\TorusPrefab.cpp" />
    <ClCompile Include="Prefabs\CubePrefab.cpp" />
    <ClCompile Include="Prefabs\Character.cpp" />
    <ClCompile Include="Prefabs\BoneObject.cpp" />
    <ClCompile Include="Materials\DiffuseMaterial.cpp" />
    <ClCompile Include="Materials\SpikyMaterial.cpp" />
    <ClCompile Include="Materials\UberMaterial.cpp" />
    <ClCompile Include="Materials\DiffuseMaterial_Skinned.cpp" />
    <ClCompile Include="Materials\Shadow\DiffuseMaterial_Shadow.cpp" />
    <ClCompile Include="Materials\Shadow\DiffuseMaterial_Shadow_Skinned.cpp" />
    <ClCompile Include="Materials\Post\PostGrayscale.cpp" />
    <ClCompile Include="Materials\Post\PostBlur.cpp" />
    <ClCompile Include="Materials\Post\PostVignette.cpp" />
    <ClCompile Include="Materials\Post\PostChromaticAbberation.cpp" />
    <ClCompile Include="Materials\SkyBoxMaterial.cpp" />
    <ClCompile Include="Prefabs\ExamPrefabs\Ratchet.cpp" />
    <ClCompile Include="Materials\DiffuseAmbient.cpp" />
    <ClCompile Include="Prefabs\ExamPrefabs\Crate.cpp" />
    <ClCompile Include="Prefabs\ExamPrefabs\CrateParticle.cpp" />
    <ClCompile Include="Prefabs\ExamPrefabs\BoltPickUp.cpp" />
    <ClCompile Include="Materials\BasicMaterial.cpp" />
    <ClCompile Include="Materials\BasicMaterial_Deferred.cpp" />
    <ClCompile Include="Materials\Deffered_Skinned.cpp" />
    <ClCompile Include="Materials\Post\PostBrightness.cpp" />
    <ClCompile Include="Prefabs\ExamPrefabs\RatchetHud.cpp" />
    <ClCompile Include="Prefabs\ExamPrefabs\Enemy.cpp" />
    <ClCompile Include="Prefabs\ExamPrefabs\MenuPrefabs\Button.cpp" />
    <ClCompile Include="Materials\DeferredShadow.cpp" />
    <ClCompile Include="Prefabs\ExamPrefabs\Platform.cpp" />
    <ClCompile Include="Prefabs\ExamPrefabs\Ship.cpp" />
    <ClCompile Include="Prefabs\ExamPrefabs\BotParticle.cpp" />
    <ClCompile Include="Prefabs\ExamPrefabs\FloatingPlatform.cpp" />
    <ClCompile Include="Scenes\Exam\GameOver.cpp" />
    <ClCompile Include="Scenes\Exam\MainMenu.cpp" />
    <ClCompile Include="Scenes\Exam\RatchetScene.cpp" />
  </ItemGroup>
  <ItemGroup>
    <ClInclude Include="MainGame.h" />
    <ClInclude Include="stdafx.h" />
    <ClInclude Include="Materials\ColorMaterial.h" />
    <ClInclude Include="Prefabs\SpherePrefab.h" />
    <ClInclude Include="Prefabs\TorusPrefab.h" />
    <ClInclude Include="Prefabs\CubePrefab.h" />
    <ClInclude Include="Prefabs\Character.h" />
    <ClInclude Include="Prefabs\BoneObject.h" />
    <ClInclude Include="Materials\DiffuseMaterial.h" />
    <ClInclude Include="Materials\SpikyMaterial.h" />
    <ClInclude Include="Materials\UberMaterial.h" />
    <ClInclude Include="Materials\DiffuseMaterial_Skinned.h" />
    <ClInclude Include="Materials\Shadow\DiffuseMaterial_Shadow.h" />
    <ClInclude Include="Materials\Shadow\DiffuseMaterial_Shadow_Skinned.h" />
    <ClInclude Include="Materials\Post\PostGrayscale.h" />
    <ClInclude Include="Materials\Post\PostBlur.h" />
    <ClInclude Include="Materials\Post\PostVignette.h" />
    <ClInclude Include="Materials\Post\PostChromaticAbberation.h" />
    <ClInclude Include="Materials\SkyBoxMaterial.h" />
    <ClInclude Include="Prefabs\ExamPrefabs\Ratchet.h" />
    <ClInclude Include="Materials\DiffuseAmbient.h" />
    <ClInclude Include="Prefabs\ExamPrefabs\Crate.h" />
    <ClInclude Include="Prefabs\ExamPrefabs\CrateParticle.h" />
    <ClInclude Include="Prefabs\ExamPrefabs\BoltPickUp.h" />
    <ClInclude Include="Materials\BasicMaterial.h" />
    <ClInclude Include="Materials\BasicMaterial_Deferred.h" />
    <ClInclude Include="Materials\Deffered_Skinned.h" />
    <ClInclude Include="Materials\Post\PostBrightness.h" />
    <ClInclude Include="Prefabs\ExamPrefabs\RatchetHud.h" />
    <ClInclude Include="Prefabs\ExamPrefabs\Enemy.h" />
    <ClInclude Include="Prefabs\ExamPrefabs\MenuPrefabs\Button.h" />
    <ClInclude Include="Materials\DeferredShadow.h" />
    <ClInclude Include="Prefabs\ExamPrefabs\Platform.h" />
    <ClInclude Include="Prefabs\ExamPrefabs\Ship.h" />
    <ClInclude Include="Prefabs\ExamPrefabs\BotParticle.h" />
    <ClInclude Include="Prefabs\ExamPrefabs\FloatingPlatform.h" />
    <ClInclude Include="Scenes\Exam\GameOver.h" />
    <ClInclude Include="Scenes\Exam\MainMenu.h" />
    <ClInclude Include="Scenes\Exam\RatchetScene.h" />
  </ItemGroup>
</Project>